Microsoft Visual Studio Solution File, Format Version 12.00
# Visual Studio 2012
Project("{FAE04EC0-301F-11D3-BF4B-00C04F79EFBC}") = "Kids", "Kids.csproj", "{A7BA9AE4-F192-454D-A641-A1E32CA5C114}"
EndProject
Project("{FAE04EC0-301F-11D3-BF4B-00C04F79EFBC}") = "GodotOnReady", "..\GodotOnReady\GodotOnReady.csproj", "{65C42609-4C21-41F9-937E-7E0DB79A5068}"
EndProject
Global
	GlobalSection(SolutionConfigurationPlatforms) = preSolution
	Debug|Any CPU = Debug|Any CPU
	ExportDebug|Any CPU = ExportDebug|Any CPU
	ExportRelease|Any CPU = ExportRelease|Any CPU
	EndGlobalSection
	GlobalSection(ProjectConfigurationPlatforms) = postSolution
		{A7BA9AE4-F192-454D-A641-A1E32CA5C114}.Debug|Any CPU.ActiveCfg = Debug|Any CPU
		{A7BA9AE4-F192-454D-A641-A1E32CA5C114}.Debug|Any CPU.Build.0 = Debug|Any CPU
		{A7BA9AE4-F192-454D-A641-A1E32CA5C114}.ExportDebug|Any CPU.ActiveCfg = ExportDebug|Any CPU
		{A7BA9AE4-F192-454D-A641-A1E32CA5C114}.ExportDebug|Any CPU.Build.0 = ExportDebug|Any CPU
		{A7BA9AE4-F192-454D-A641-A1E32CA5C114}.ExportRelease|Any CPU.ActiveCfg = ExportRelease|Any CPU
		{A7BA9AE4-F192-454D-A641-A1E32CA5C114}.ExportRelease|Any CPU.Build.0 = ExportRelease|Any CPU
		{65C42609-4C21-41F9-937E-7E0DB79A5068}.Debug|Any CPU.ActiveCfg = Debug|Any CPU
		{65C42609-4C21-41F9-937E-7E0DB79A5068}.Debug|Any CPU.Build.0 = Debug|Any CPU
		{65C42609-4C21-41F9-937E-7E0DB79A5068}.ExportDebug|Any CPU.ActiveCfg = Debug|Any CPU
		{65C42609-4C21-41F9-937E-7E0DB79A5068}.ExportDebug|Any CPU.Build.0 = Debug|Any CPU
		{65C42609-4C21-41F9-937E-7E0DB79A5068}.ExportRelease|Any CPU.ActiveCfg = Debug|Any CPU
		{65C42609-4C21-41F9-937E-7E0DB79A5068}.ExportRelease|Any CPU.Build.0 = Debug|Any CPU
	EndGlobalSection
EndGlobal
